{
  "name": "@cox/rt-shared",
  "version": "0.0.1",
  "lockfileVersion": 3,
  "requires": true,
  "packages": {
    "": {
      "name": "@cox/rt-shared",
      "version": "0.0.1",
      "devDependencies": {
        "@types/file-saver-es": "^2.0.1"
      }
    },
    "node_modules/@types/file-saver-es": {
      "version": "2.0.1",
      "resolved": "https://registry.npmjs.org/@types/file-saver-es/-/file-saver-es-2.0.1.tgz",
      "integrity": "sha512-ifoocKtUTJCQ4GMKBm+EK8Swk9DzrWfHhxGJ3jdhFijT9UJzA4P97zoq3Qii9QU51pSe3JwbS1i6s0nifOWHwg==",
      "dev": true
    }
  }
}
